lockfileVersion: '9.0'

settings:
  autoInstallPeers: true
  excludeLinksFromLockfile: false

importers:

  .:
    devDependencies:
      '@tty-pt/qdb':
        specifier: ^0.0.13
        version: 0.0.13

packages:

  '@tty-pt/qdb@0.0.13':
    resolution: {integrity: sha512-aDXevKOqt5PWvNrxzU+yBlW3aB2W9x7WlyPEOZnhK/FHTl5gccAygSEyUJNaRon7enj9v7YBuwbU6otKyMv8JQ==}

snapshots:

  '@tty-pt/qdb@0.0.13': {}
