lockfileVersion: '9.0'

settings:
  autoInstallPeers: true
  excludeLinksFromLockfile: false

importers:

  .:
    devDependencies:
      '@tty-pt/qdb':
        specifier: ^0.0.2
        version: 0.0.2

packages:

  '@tty-pt/qdb@0.0.2':
    resolution: {integrity: sha512-ZWGyNcb5TxvYWwKw4b+iUIrgQWT1MguoDXdPoSXlzbZB6ACR9toOK95av4dJdar9F/0+gw1BUrBwdyt4Uckasg==}

snapshots:

  '@tty-pt/qdb@0.0.2': {}
